
Microsoft Visual Studio Solution File, Format Version 12.00
# Visual Studio Version 17
VisualStudioVersion = 17.7.34031.279
MinimumVisualStudioVersion = 10.0.40219.1
Project("{9A19103F-16F7-4668-BE54-9A1E7A4F7556}") = "E-Commerce_ElectroPc", "E-Commerce_ElectroPc\E-Commerce_ElectroPc.csproj", "{3FBCEAE1-2780-4351-AD45-E0A81FDC89F4}"
EndProject
Project("{9A19103F-16F7-4668-BE54-9A1E7A4F7556}") = "ElectroPc_Models", "ElectroPc_Models\ElectroPc_Models.csproj", "{A3B565C5-177C-4A19-9FCC-6684E9F31DFD}"
EndProject
Project("{9A19103F-16F7-4668-BE54-9A1E7A4F7556}") = "ElectroPc_Utility", "ElectroPc_Utility\ElectroPc_Utility.csproj", "{6B41F45F-0A62-45ED-A667-C072798AA7FA}"
EndProject
Project("{FAE04EC0-301F-11D3-BF4B-00C04F79EFBC}") = "ElectroPc_DataAccess", "ElectroPc_DataAccess\ElectroPc_DataAccess.csproj", "{9E4E67C3-7FAF-4A8B-9FCE-89EEE2270085}"
EndProject
Project("{FAE04EC0-301F-11D3-BF4B-00C04F79EFBC}") = "ElectroPc_Services", "ElectroPc_Services\ElectroPc_Services.csproj", "{3360FE07-4E82-4909-B4C8-C0D33DE17868}"
EndProject
Global
	GlobalSection(SolutionConfigurationPlatforms) = preSolution
		Debug|Any CPU = Debug|Any CPU
		Release|Any CPU = Release|Any CPU
	EndGlobalSection
	GlobalSection(ProjectConfigurationPlatforms) = postSolution
		{3FBCEAE1-2780-4351-AD45-E0A81FDC89F4}.Debug|Any CPU.ActiveCfg = Debug|Any CPU
		{3FBCEAE1-2780-4351-AD45-E0A81FDC89F4}.Debug|Any CPU.Build.0 = Debug|Any CPU
		{3FBCEAE1-2780-4351-AD45-E0A81FDC89F4}.Release|Any CPU.ActiveCfg = Release|Any CPU
		{3FBCEAE1-2780-4351-AD45-E0A81FDC89F4}.Release|Any CPU.Build.0 = Release|Any CPU
		{A3B565C5-177C-4A19-9FCC-6684E9F31DFD}.Debug|Any CPU.ActiveCfg = Debug|Any CPU
		{A3B565C5-177C-4A19-9FCC-6684E9F31DFD}.Debug|Any CPU.Build.0 = Debug|Any CPU
		{A3B565C5-177C-4A19-9FCC-6684E9F31DFD}.Release|Any CPU.ActiveCfg = Release|Any CPU
		{A3B565C5-177C-4A19-9FCC-6684E9F31DFD}.Release|Any CPU.Build.0 = Release|Any CPU
		{6B41F45F-0A62-45ED-A667-C072798AA7FA}.Debug|Any CPU.ActiveCfg = Debug|Any CPU
		{6B41F45F-0A62-45ED-A667-C072798AA7FA}.Debug|Any CPU.Build.0 = Debug|Any CPU
		{6B41F45F-0A62-45ED-A667-C072798AA7FA}.Release|Any CPU.ActiveCfg = Release|Any CPU
		{6B41F45F-0A62-45ED-A667-C072798AA7FA}.Release|Any CPU.Build.0 = Release|Any CPU
		{9E4E67C3-7FAF-4A8B-9FCE-89EEE2270085}.Debug|Any CPU.ActiveCfg = Debug|Any CPU
		{9E4E67C3-7FAF-4A8B-9FCE-89EEE2270085}.Debug|Any CPU.Build.0 = Debug|Any CPU
		{9E4E67C3-7FAF-4A8B-9FCE-89EEE2270085}.Release|Any CPU.ActiveCfg = Release|Any CPU
		{9E4E67C3-7FAF-4A8B-9FCE-89EEE2270085}.Release|Any CPU.Build.0 = Release|Any CPU
		{3360FE07-4E82-4909-B4C8-C0D33DE17868}.Debug|Any CPU.ActiveCfg = Debug|Any CPU
		{3360FE07-4E82-4909-B4C8-C0D33DE17868}.Debug|Any CPU.Build.0 = Debug|Any CPU
		{3360FE07-4E82-4909-B4C8-C0D33DE17868}.Release|Any CPU.ActiveCfg = Release|Any CPU
		{3360FE07-4E82-4909-B4C8-C0D33DE17868}.Release|Any CPU.Build.0 = Release|Any CPU
	EndGlobalSection
	GlobalSection(SolutionProperties) = preSolution
		HideSolutionNode = FALSE
	EndGlobalSection
	GlobalSection(ExtensibilityGlobals) = postSolution
		SolutionGuid = {5C3A748D-D41D-4AEC-9D8D-957650918872}
	EndGlobalSection
EndGlobal
